
Microsoft Visual Studio Solution File, Format Version 12.00
Project("{FAE04EC0-301F-11D3-BF4B-00C04F79EFBC}") = "DropBear.Codex.Serialization", "DropBear.Codex.Serialization\DropBear.Codex.Serialization.csproj", "{F27474A4-42C7-4B81-91D0-03C7D0EED7DA}"
EndProject
Project("{FAE04EC0-301F-11D3-BF4B-00C04F79EFBC}") = "DropBear.Codex.Serialization.ConsoleApp", "DropBear.Codex.Serialization.ConsoleApp\DropBear.Codex.Serialization.ConsoleApp.csproj", "{026C193D-59C1-4FF9-9954-4B2EEA11F24F}"
EndProject
Global
	GlobalSection(SolutionConfigurationPlatforms) = preSolution
		Debug|Any CPU = Debug|Any CPU
		Release|Any CPU = Release|Any CPU
	EndGlobalSection
	GlobalSection(ProjectConfigurationPlatforms) = postSolution
		{F27474A4-42C7-4B81-91D0-03C7D0EED7DA}.Debug|Any CPU.ActiveCfg = Debug|Any CPU
		{F27474A4-42C7-4B81-91D0-03C7D0EED7DA}.Debug|Any CPU.Build.0 = Debug|Any CPU
		{F27474A4-42C7-4B81-91D0-03C7D0EED7DA}.Release|Any CPU.ActiveCfg = Release|Any CPU
		{F27474A4-42C7-4B81-91D0-03C7D0EED7DA}.Release|Any CPU.Build.0 = Release|Any CPU
		{026C193D-59C1-4FF9-9954-4B2EEA11F24F}.Debug|Any CPU.ActiveCfg = Debug|Any CPU
		{026C193D-59C1-4FF9-9954-4B2EEA11F24F}.Debug|Any CPU.Build.0 = Debug|Any CPU
		{026C193D-59C1-4FF9-9954-4B2EEA11F24F}.Release|Any CPU.ActiveCfg = Release|Any CPU
		{026C193D-59C1-4FF9-9954-4B2EEA11F24F}.Release|Any CPU.Build.0 = Release|Any CPU
	EndGlobalSection
EndGlobal
